
Microsoft Visual Studio Solution File, Format Version 11.00
# Visual Studio 2010
Project("{FAE04EC0-301F-11D3-BF4B-00C04F79EFBC}") = "zombies", "Assembly-CSharp.csproj", "{07C1D01B-FAD6-43FB-5AAA-C14DE898B8B6}"
EndProject
Project("{FAE04EC0-301F-11D3-BF4B-00C04F79EFBC}") = "zombies", "Assembly-CSharp-Editor.csproj", "{F64C724E-3F78-39E6-CC5C-137B600E6733}"
EndProject
Global
	GlobalSection(SolutionConfigurationPlatforms) = preSolution
		Debug|Any CPU = Debug|Any CPU
		Release|Any CPU = Release|Any CPU
	EndGlobalSection
	GlobalSection(ProjectConfigurationPlatforms) = postSolution
		{07C1D01B-FAD6-43FB-5AAA-C14DE898B8B6}.Debug|Any CPU.ActiveCfg = Debug|Any CPU
		{07C1D01B-FAD6-43FB-5AAA-C14DE898B8B6}.Debug|Any CPU.Build.0 = Debug|Any CPU
		{07C1D01B-FAD6-43FB-5AAA-C14DE898B8B6}.Release|Any CPU.ActiveCfg = Release|Any CPU
		{07C1D01B-FAD6-43FB-5AAA-C14DE898B8B6}.Release|Any CPU.Build.0 = Release|Any CPU
		{F64C724E-3F78-39E6-CC5C-137B600E6733}.Debug|Any CPU.ActiveCfg = Debug|Any CPU
		{F64C724E-3F78-39E6-CC5C-137B600E6733}.Debug|Any CPU.Build.0 = Debug|Any CPU
		{F64C724E-3F78-39E6-CC5C-137B600E6733}.Release|Any CPU.ActiveCfg = Release|Any CPU
		{F64C724E-3F78-39E6-CC5C-137B600E6733}.Release|Any CPU.Build.0 = Release|Any CPU
	EndGlobalSection
	GlobalSection(SolutionProperties) = preSolution
		HideSolutionNode = FALSE
	EndGlobalSection
	GlobalSection(MonoDevelopProperties) = preSolution
		StartupItem = Assembly-CSharp.csproj
	EndGlobalSection
EndGlobal
